PODS:
  - Kiwi (2.4.0)
  - OAStackView (1.0.1)
  - Reveal-iOS-SDK (1.6.2)

DEPENDENCIES:
  - Kiwi
  - OAStackView (from `../`)
  - Reveal-iOS-SDK (~> 1.6.2)

SPEC REPOS:
  https://github.com/CocoaPods/Specs.git:
    - Kiwi
    - Reveal-iOS-SDK

EXTERNAL SOURCES:
  OAStackView:
    :path: "../"

SPEC CHECKSUMS:
  Kiwi: f49c9d54b28917df5928fe44968a39ed198cb8a8
  OAStackView: f8b3d65293bfc3150a8dfd28684836d3fe18c13a
  Reveal-iOS-SDK: e2250b3c155bcfac53ae223ddc1f76d08f206c33

PODFILE CHECKSUM: 17087fa9435cebeaa78df64329ba6316939e0e5e

COCOAPODS: 1.5.0
